
Microsoft Visual Studio Solution File, Format Version 11.00
# Visual C# Express 2010
Project("{FAE04EC0-301F-11D3-BF4B-00C04F79EFBC}") = "NZPACRM", "NZPACRM.csproj", "{A5871BD0-1598-43C0-8BEE-4ACC2D52CB12}"
EndProject
Global
	GlobalSection(SolutionConfigurationPlatforms) = preSolution
		Debug|Any CPU = Debug|Any CPU
		Release|Any CPU = Release|Any CPU
	EndGlobalSection
	GlobalSection(ProjectConfigurationPlatforms) = postSolution
		{A5871BD0-1598-43C0-8BEE-4ACC2D52CB12}.Debug|Any CPU.ActiveCfg = Debug|Any CPU
		{A5871BD0-1598-43C0-8BEE-4ACC2D52CB12}.Debug|Any CPU.Build.0 = Debug|Any CPU
		{A5871BD0-1598-43C0-8BEE-4ACC2D52CB12}.Release|Any CPU.ActiveCfg = Release|Any CPU
		{A5871BD0-1598-43C0-8BEE-4ACC2D52CB12}.Release|Any CPU.Build.0 = Release|Any CPU
	EndGlobalSection
	GlobalSection(SolutionProperties) = preSolution
		HideSolutionNode = FALSE
	EndGlobalSection
EndGlobal
